// !$*UTF8*$!
{
	archiveVersion = 1;
	classes = {
	};
	objectVersion = 46;
	objects = {

/* Begin PBXBuildFile section */
		C22BB8D51B1DD37000016DB5 /* main.m in Sources */ = {isa = PBXBuildFile; fileRef = C22BB8D41B1DD37000016DB5 /* main.m */; };
		C22BB8D81B1DD37000016DB5 /* AppDelegate.m in Sources */ = {isa = PBXBuildFile; fileRef = C22BB8D71B1DD37000016DB5 /* AppDelegate.m */; };
		C22BB8DA1B1DD37000016DB5 /* Images.xcassets in Resources */ = {isa = PBXBuildFile; fileRef = C22BB8D91B1DD37000016DB5 /* Images.xcassets */; };
		C22BB8DD1B1DD37000016DB5 /* LaunchScreen.xib in Resources */ = {isa = PBXBuildFile; fileRef = C22BB8DB1B1DD37000016DB5 /* LaunchScreen.xib */; };
		C22BB8E91B1DD37000016DB5 /* LabelTextDisplayToTopTests.m in Sources */ = {isa = PBXBuildFile; fileRef = C22BB8E81B1DD37000016DB5 /* LabelTextDisplayToTopTests.m */; };
		C22BB8F41B1DD38700016DB5 /* MyUILabel.m in Sources */ = {isa = PBXBuildFile; fileRef = C22BB8F31B1DD38700016DB5 /* MyUILabel.m */; };
/* End PBXBuildFile section */

/* Begin PBXContainerItemProxy section */
		C22BB8E31B1DD37000016DB5 /* PBXContainerItemProxy */ = {
			isa = PBXContainerItemProxy;
			containerPortal = C22BB8C71B1DD36F00016DB5 /* Project object */;
			proxyType = 1;
			remoteGlobalIDString = C22BB8CE1B1DD36F00016DB5;
			remoteInfo = LabelTextDisplayToTop;
		};
/* End PBXContainerItemProxy section */

/* Begin PBXFileReference section */
		C22BB8CF1B1DD36F00016DB5 /* LabelTextDisplayToTop.app */ = {isa = PBXFileReference; explicitFileType = wrapper.application; includeInIndex = 0; path = LabelTextDisplayToTop.app; sourceTree = BUILT_PRODUCTS_DIR; };
		C22BB8D31B1DD37000016DB5 /* Info.plist */ = {isa = PBXFileReference; lastKnownFileType = text.plist.xml; path = Info.plist; sourceTree = "<group>"; };
		C22BB8D41B1DD37000016DB5 /* main.m */ = {isa = PBXFileReference; lastKnownFileType = sourcecode.c.objc; path = main.m; sourceTree = "<group>"; };
		C22BB8D61B1DD37000016DB5 /* AppDelegate.h */ = {isa = PBXFileReference; lastKnownFileType = sourcecode.c.h; path = AppDelegate.h; sourceTree = "<group>"; };
		C22BB8D71B1DD37000016DB5 /* AppDelegate.m */ = {isa = PBXFileReference; lastKnownFileType = sourcecode.c.objc; path = AppDelegate.m; sourceTree = "<group>"; };
		C22BB8D91B1DD37000016DB5 /* Images.xcassets */ = {isa = PBXFileReference; lastKnownFileType = folder.assetcatalog; path = Images.xcassets; sourceTree = "<group>"; };
		C22BB8DC1B1DD37000016DB5 /* Base */ = {isa = PBXFileReference; lastKnownFileType = file.xib; name = Base; path = Base.lproj/LaunchScreen.xib; sourceTree = "<group>"; };
		C22BB8E21B1DD37000016DB5 /* LabelTextDisplayToTopTests.xctest */ = {isa = PBXFileReference; explicitFileType = wrapper.cfbundle; includeInIndex = 0; path = LabelTextDisplayToTopTests.xctest; sourceTree = BUILT_PRODUCTS_DIR; };
		C22BB8E71B1DD37000016DB5 /* Info.plist */ = {isa = PBXFileReference; lastKnownFileType = text.plist.xml; path = Info.plist; sourceTree = "<group>"; };
		C22BB8E81B1DD37000016DB5 /* LabelTextDisplayToTopTests.m */ = {isa = PBXFileReference; lastKnownFileType = sourcecode.c.objc; path = LabelTextDisplayToTopTests.m; sourceTree = "<group>"; };
		C22BB8F21B1DD38600016DB5 /* MyUILabel.h */ = {isa = PBXFileReference; fileEncoding = 4; lastKnownFileType = sourcecode.c.h; path = MyUILabel.h; sourceTree = "<group>"; };
		C22BB8F31B1DD38700016DB5 /* MyUILabel.m */ = {isa = PBXFileReference; fileEncoding = 4; lastKnownFileType = sourcecode.c.objc; path = MyUILabel.m; sourceTree = "<group>"; };
/* End PBXFileReference section */

/* Begin PBXFrameworksBuildPhase section */
		C22BB8CC1B1DD36F00016DB5 /* Frameworks */ = {
			isa = PBXFrameworksBuildPhase;
			buildActionMask = 2147483647;
			files = (
			);
			runOnlyForDeploymentPostprocessing = 0;
		};
		C22BB8DF1B1DD37000016DB5 /* Frameworks */ = {
			isa = PBXFrameworksBuildPhase;
			buildActionMask = 2147483647;
			files = (
			);
			runOnlyForDeploymentPostprocessing = 0;
		};
/* End PBXFrameworksBuildPhase section */

/* Begin PBXGroup section */
		C22BB8C61B1DD36F00016DB5 = {
			isa = PBXGroup;
			children = (
				C22BB8D11B1DD36F00016DB5 /* LabelTextDisplayToTop */,
				C22BB8E51B1DD37000016DB5 /* LabelTextDisplayToTopTests */,
				C22BB8D01B1DD36F00016DB5 /* Products */,
			);
			sourceTree = "<group>";
		};
		C22BB8D01B1DD36F00016DB5 /* Products */ = {
			isa = PBXGroup;
			children = (
				C22BB8CF1B1DD36F00016DB5 /* LabelTextDisplayToTop.app */,
				C22BB8E21B1DD37000016DB5 /* LabelTextDisplayToTopTests.xctest */,
			);
			name = Products;
			sourceTree = "<group>";
		};
		C22BB8D11B1DD36F00016DB5 /* LabelTextDisplayToTop */ = {
			isa = PBXGroup;
			children = (
				C22BB8D61B1DD37000016DB5 /* AppDelegate.h */,
				C22BB8D71B1DD37000016DB5 /* AppDelegate.m */,
				C22BB8F21B1DD38600016DB5 /* MyUILabel.h */,
				C22BB8F31B1DD38700016DB5 /* MyUILabel.m */,
				C22BB8D91B1DD37000016DB5 /* Images.xcassets */,
				C22BB8DB1B1DD37000016DB5 /* LaunchScreen.xib */,
				C22BB8D21B1DD37000016DB5 /* Supporting Files */,
			);
			path = LabelTextDisplayToTop;
			sourceTree = "<group>";
		};
		C22BB8D21B1DD37000016DB5 /* Supporting Files */ = {
			isa = PBXGroup;
			children = (
				C22BB8D31B1DD37000016DB5 /* Info.plist */,
				C22BB8D41B1DD37000016DB5 /* main.m */,
			);
			name = "Supporting Files";
			sourceTree = "<group>";
		};
		C22BB8E51B1DD37000016DB5 /* LabelTextDisplayToTopTests */ = {
			isa = PBXGroup;
			children = (
				C22BB8E81B1DD37000016DB5 /* LabelTextDisplayToTopTests.m */,
				C22BB8E61B1DD37000016DB5 /* Supporting Files */,
			);
			path = LabelTextDisplayToTopTests;
			sourceTree = "<group>";
		};
		C22BB8E61B1DD37000016DB5 /* Supporting Files */ = {
			isa = PBXGroup;
			children = (
				C22BB8E71B1DD37000016DB5 /* Info.plist */,
			);
			name = "Supporting Files";
			sourceTree = "<group>";
		};
/* End PBXGroup section */

/* Begin PBXNativeTarget section */
		C22BB8CE1B1DD36F00016DB5 /* LabelTextDisplayToTop */ = {
			isa = PBXNativeTarget;
			buildConfigurationList = C22BB8EC1B1DD37000016DB5 /* Build configuration list for PBXNativeTarget "LabelTextDisplayToTop" */;
			buildPhases = (
				C22BB8CB1B1DD36F00016DB5 /* Sources */,
				C22BB8CC1B1DD36F00016DB5 /* Frameworks */,
				C22BB8CD1B1DD36F00016DB5 /* Resources */,
			);
			buildRules = (
			);
			dependencies = (
			);
			name = LabelTextDisplayToTop;
			productName = LabelTextDisplayToTop;
			productReference = C22BB8CF1B1DD36F00016DB5 /* LabelTextDisplayToTop.app */;
			productType = "com.apple.product-type.application";
		};
		C22BB8E11B1DD37000016DB5 /* LabelTextDisplayToTopTests */ = {
			isa = PBXNativeTarget;
			buildConfigurationList = C22BB8EF1B1DD37000016DB5 /* Build configuration list for PBXNativeTarget "LabelTextDisplayToTopTests" */;
			buildPhases = (
				C22BB8DE1B1DD37000016DB5 /* Sources */,
				C22BB8DF1B1DD37000016DB5 /* Frameworks */,
				C22BB8E01B1DD37000016DB5 /* Resources */,
			);
			buildRules = (
			);
			dependencies = (
				C22BB8E41B1DD37000016DB5 /* PBXTargetDependency */,
			);
			name = LabelTextDisplayToTopTests;
			productName = LabelTextDisplayToTopTests;
			productReference = C22BB8E21B1DD37000016DB5 /* LabelTextDisplayToTopTests.xctest */;
			productType = "com.apple.product-type.bundle.unit-test";
		};
/* End PBXNativeTarget section */

/* Begin PBXProject section */
		C22BB8C71B1DD36F00016DB5 /* Project object */ = {
			isa = PBXProject;
			attributes = {
				LastUpgradeCheck = 0600;
				ORGANIZATIONNAME = "朝夕";
				TargetAttributes = {
					C22BB8CE1B1DD36F00016DB5 = {
						CreatedOnToolsVersion = 6.0.1;
					};
					C22BB8E11B1DD37000016DB5 = {
						CreatedOnToolsVersion = 6.0.1;
						TestTargetID = C22BB8CE1B1DD36F00016DB5;
					};
				};
			};
			buildConfigurationList = C22BB8CA1B1DD36F00016DB5 /* Build configuration list for PBXProject "LabelTextDisplayToTop" */;
			compatibilityVersion = "Xcode 3.2";
			developmentRegion = English;
			hasScannedForEncodings = 0;
			knownRegions = (
				en,
				Base,
			);
			mainGroup = C22BB8C61B1DD36F00016DB5;
			productRefGroup = C22BB8D01B1DD36F00016DB5 /* Products */;
			projectDirPath = "";
			projectRoot = "";
			targets = (
				C22BB8CE1B1DD36F00016DB5 /* LabelTextDisplayToTop */,
				C22BB8E11B1DD37000016DB5 /* LabelTextDisplayToTopTests */,
			);
		};
/* End PBXProject section */

/* Begin PBXResourcesBuildPhase section */
		C22BB8CD1B1DD36F00016DB5 /* Resources */ = {
			isa = PBXResourcesBuildPhase;
			buildActionMask = 2147483647;
			files = (
				C22BB8DD1B1DD37000016DB5 /* LaunchScreen.xib in Resources */,
				C22BB8DA1B1DD37000016DB5 /* Images.xcassets in Resources */,
			);
			runOnlyForDeploymentPostprocessing = 0;
		};
		C22BB8E01B1DD37000016DB5 /* Resources */ = {
			isa = PBXResourcesBuildPhase;
			buildActionMask = 2147483647;
			files = (
			);
			runOnlyForDeploymentPostprocessing = 0;
		};
/* End PBXResourcesBuildPhase section */

/* Begin PBXSourcesBuildPhase section */
		C22BB8CB1B1DD36F00016DB5 /* Sources */ = {
			isa = PBXSourcesBuildPhase;
			buildActionMask = 2147483647;
			files = (
				C22BB8D81B1DD37000016DB5 /* AppDelegate.m in Sources */,
				C22BB8D51B1DD37000016DB5 /* main.m in Sources */,
				C22BB8F41B1DD38700016DB5 /* MyUILabel.m in Sources */,
			);
			runOnlyForDeploymentPostprocessing = 0;
		};
		C22BB8DE1B1DD37000016DB5 /* Sources */ = {
			isa = PBXSourcesBuildPhase;
			buildActionMask = 2147483647;
			files = (
				C22BB8E91B1DD37000016DB5 /* LabelTextDisplayToTopTests.m in Sources */,
			);
			runOnlyForDeploymentPostprocessing = 0;
		};
/* End PBXSourcesBuildPhase section */

/* Begin PBXTargetDependency section */
		C22BB8E41B1DD37000016DB5 /* PBXTargetDependency */ = {
			isa = PBXTargetDependency;
			target = C22BB8CE1B1DD36F00016DB5 /* LabelTextDisplayToTop */;
			targetProxy = C22BB8E31B1DD37000016DB5 /* PBXContainerItemProxy */;
		};
/* End PBXTargetDependency section */

/* Begin PBXVariantGroup section */
		C22BB8DB1B1DD37000016DB5 /* LaunchScreen.xib */ = {
			isa = PBXVariantGroup;
			children = (
				C22BB8DC1B1DD37000016DB5 /* Base */,
			);
			name = LaunchScreen.xib;
			sourceTree = "<group>";
		};
/* End PBXVariantGroup section */

/* Begin XCBuildConfiguration section */
		C22BB8EA1B1DD37000016DB5 /* Debug */ = {
			isa = XCBuildConfiguration;
			buildSettings = {
				ALWAYS_SEARCH_USER_PATHS = NO;
				CLANG_CXX_LANGUAGE_STANDARD = "gnu++0x";
				CLANG_CXX_LIBRARY = "libc++";
				CLANG_ENABLE_MODULES = YES;
				CLANG_ENABLE_OBJC_ARC = YES;
				CLANG_WARN_BOOL_CONVERSION = YES;
				CLANG_WARN_CONSTANT_CONVERSION = YES;
				CLANG_WARN_DIRECT_OBJC_ISA_USAGE = YES_ERROR;
				CLANG_WARN_EMPTY_BODY = YES;
				CLANG_WARN_ENUM_CONVERSION = YES;
				CLANG_WARN_INT_CONVERSION = YES;
				CLANG_WARN_OBJC_ROOT_CLASS = YES_ERROR;
				CLANG_WARN_UNREACHABLE_CODE = YES;
				CLANG_WARN__DUPLICATE_METHOD_MATCH = YES;
				"CODE_SIGN_IDENTITY[sdk=iphoneos*]" = "iPhone Developer";
				COPY_PHASE_STRIP = NO;
				ENABLE_STRICT_OBJC_MSGSEND = YES;
				GCC_C_LANGUAGE_STANDARD = gnu99;
				GCC_DYNAMIC_NO_PIC = NO;
				GCC_OPTIMIZATION_LEVEL = 0;
				GCC_PREPROCESSOR_DEFINITIONS = (
					"DEBUG=1",
					"$(inherited)",
				);
				GCC_SYMBOLS_PRIVATE_EXTERN = NO;
				GCC_WARN_64_TO_32_BIT_CONVERSION = YES;
				GCC_WARN_ABOUT_RETURN_TYPE = YES_ERROR;
				GCC_WARN_UNDECLARED_SELECTOR = YES;
				GCC_WARN_UNINITIALIZED_AUTOS = YES_AGGRESSIVE;
				GCC_WARN_UNUSED_FUNCTION = YES;
				GCC_WARN_UNUSED_VARIABLE = YES;
				IPHONEOS_DEPLOYMENT_TARGET = 8.0;
				MTL_ENABLE_DEBUG_INFO = YES;
				ONLY_ACTIVE_ARCH = YES;
				SDKROOT = iphoneos;
			};
			name = Debug;
		};
		C22BB8EB1B1DD37000016DB5 /* Release */ = {
			isa = XCBuildConfiguration;
			buildSettings = {
				ALWAYS_SEARCH_USER_PATHS = NO;
				CLANG_CXX_LANGUAGE_STANDARD = "gnu++0x";
				CLANG_CXX_LIBRARY = "libc++";
				CLANG_ENABLE_MODULES = YES;
				CLANG_ENABLE_OBJC_ARC = YES;
				CLANG_WARN_BOOL_CONVERSION = YES;
				CLANG_WARN_CONSTANT_CONVERSION = YES;
				CLANG_WARN_DIRECT_OBJC_ISA_USAGE = YES_ERROR;
				CLANG_WARN_EMPTY_BODY = YES;
				CLANG_WARN_ENUM_CONVERSION = YES;
				CLANG_WARN_INT_CONVERSION = YES;
				CLANG_WARN_OBJC_ROOT_CLASS = YES_ERROR;
				CLANG_WARN_UNREACHABLE_CODE = YES;
				CLANG_WARN__DUPLICATE_METHOD_MATCH = YES;
				"CODE_SIGN_IDENTITY[sdk=iphoneos*]" = "iPhone Developer";
				COPY_PHASE_STRIP = YES;
				ENABLE_NS_ASSERTIONS = NO;
				ENABLE_STRICT_OBJC_MSGSEND = YES;
				GCC_C_LANGUAGE_STANDARD = gnu99;
				GCC_WARN_64_TO_32_BIT_CONVERSION = YES;
				GCC_WARN_ABOUT_RETURN_TYPE = YES_ERROR;
				GCC_WARN_UNDECLARED_SELECTOR = YES;
				GCC_WARN_UNINITIALIZED_AUTOS = YES_AGGRESSIVE;
				GCC_WARN_UNUSED_FUNCTION = YES;
				GCC_WARN_UNUSED_VARIABLE = YES;
				IPHONEOS_DEPLOYMENT_TARGET = 8.0;
				MTL_ENABLE_DEBUG_INFO = NO;
				SDKROOT = iphoneos;
				VALIDATE_PRODUCT = YES;
			};
			name = Release;
		};
		C22BB8ED1B1DD37000016DB5 /* Debug */ = {
			isa = XCBuildConfiguration;
			buildSettings = {
				ASSETCATALOG_COMPILER_APPICON_NAME = AppIcon;
				CLANG_ENABLE_OBJC_ARC = NO;
				INFOPLIST_FILE = LabelTextDisplayToTop/Info.plist;
				LD_RUNPATH_SEARCH_PATHS = "$(inherited) @executable_path/Frameworks";
				PRODUCT_NAME = "$(TARGET_NAME)";
			};
			name = Debug;
		};
		C22BB8EE1B1DD37000016DB5 /* Release */ = {
			isa = XCBuildConfiguration;
			buildSettings = {
				ASSETCATALOG_COMPILER_APPICON_NAME = AppIcon;
				CLANG_ENABLE_OBJC_ARC = NO;
				INFOPLIST_FILE = LabelTextDisplayToTop/Info.plist;
				LD_RUNPATH_SEARCH_PATHS = "$(inherited) @executable_path/Frameworks";
				PRODUCT_NAME = "$(TARGET_NAME)";
			};
			name = Release;
		};
		C22BB8F01B1DD37000016DB5 /* Debug */ = {
			isa = XCBuildConfiguration;
			buildSettings = {
				BUNDLE_LOADER = "$(TEST_HOST)";
				FRAMEWORK_SEARCH_PATHS = (
					"$(SDKROOT)/Developer/Library/Frameworks",
					"$(inherited)",
				);
				GCC_PREPROCESSOR_DEFINITIONS = (
					"DEBUG=1",
					"$(inherited)",
				);
				INFOPLIST_FILE = LabelTextDisplayToTopTests/Info.plist;
				LD_RUNPATH_SEARCH_PATHS = "$(inherited) @executable_path/Frameworks @loader_path/Frameworks";
				PRODUCT_NAME = "$(TARGET_NAME)";
				TEST_HOST = "$(BUILT_PRODUCTS_DIR)/LabelTextDisplayToTop.app/LabelTextDisplayToTop";
			};
			name = Debug;
		};
		C22BB8F11B1DD37000016DB5 /* Release */ = {
			isa = XCBuildConfiguration;
			buildSettings = {
				BUNDLE_LOADER = "$(TEST_HOST)";
				FRAMEWORK_SEARCH_PATHS = (
					"$(SDKROOT)/Developer/Library/Frameworks",
					"$(inherited)",
				);
				INFOPLIST_FILE = LabelTextDisplayToTopTests/Info.plist;
				LD_RUNPATH_SEARCH_PATHS = "$(inherited) @executable_path/Frameworks @loader_path/Frameworks";
				PRODUCT_NAME = "$(TARGET_NAME)";
				TEST_HOST = "$(BUILT_PRODUCTS_DIR)/LabelTextDisplayToTop.app/LabelTextDisplayToTop";
			};
			name = Release;
		};
/* End XCBuildConfiguration section */

/* Begin XCConfigurationList section */
		C22BB8CA1B1DD36F00016DB5 /* Build configuration list for PBXProject "LabelTextDisplayToTop" */ = {
			isa = XCConfigurationList;
			buildConfigurations = (
				C22BB8EA1B1DD37000016DB5 /* Debug */,
				C22BB8EB1B1DD37000016DB5 /* Release */,
			);
			defaultConfigurationIsVisible = 0;
			defaultConfigurationName = Release;
		};
		C22BB8EC1B1DD37000016DB5 /* Build configuration list for PBXNativeTarget "LabelTextDisplayToTop" */ = {
			isa = XCConfigurationList;
			buildConfigurations = (
				C22BB8ED1B1DD37000016DB5 /* Debug */,
				C22BB8EE1B1DD37000016DB5 /* Release */,
			);
			defaultConfigurationIsVisible = 0;
		};
		C22BB8EF1B1DD37000016DB5 /* Build configuration list for PBXNativeTarget "LabelTextDisplayToTopTests" */ = {
			isa = XCConfigurationList;
			buildConfigurations = (
				C22BB8F01B1DD37000016DB5 /* Debug */,
				C22BB8F11B1DD37000016DB5 /* Release */,
			);
			defaultConfigurationIsVisible = 0;
		};
/* End XCConfigurationList section */
	};
	rootObject = C22BB8C71B1DD36F00016DB5 /* Project object */;
}
